// !$*UTF8*$!
{
	archiveVersion = 1;
	classes = {
	};
	objectVersion = 56;
	objects = {

/* Begin PBXBuildFile section */
		821A57F22AEE305E00298FED /* Learning_Network_CallApp.swift in Sources */ = {isa = PBXBuildFile; fileRef = 821A57F12AEE305E00298FED /* Learning_Network_CallApp.swift */; };
		821A57F42AEE305E00298FED /* ContentView.swift in Sources */ = {isa = PBXBuildFile; fileRef = 821A57F32AEE305E00298FED /* ContentView.swift */; };
		821A57F62AEE306000298FED /* Assets.xcassets in Resources */ = {isa = PBXBuildFile; fileRef = 821A57F52AEE306000298FED /* Assets.xcassets */; };
		821A57F92AEE306000298FED /* Preview Assets.xcassets in Resources */ = {isa = PBXBuildFile; fileRef = 821A57F82AEE306000298FED /* Preview Assets.xcassets */; };
		821A58012AEE315300298FED /* GitHubUser.swift in Sources */ = {isa = PBXBuildFile; fileRef = 821A58002AEE315300298FED /* GitHubUser.swift */; };
		821A58032AEE331C00298FED /* NetworkManager.swift in Sources */ = {isa = PBXBuildFile; fileRef = 821A58022AEE331C00298FED /* NetworkManager.swift */; };
		821A58062AEE362D00298FED /* GHError.swift in Sources */ = {isa = PBXBuildFile; fileRef = 821A58052AEE362D00298FED /* GHError.swift */; };
		821A58092AEE38BE00298FED /* ViewModel.swift in Sources */ = {isa = PBXBuildFile; fileRef = 821A58082AEE38BE00298FED /* ViewModel.swift */; };
/* End PBXBuildFile section */

/* Begin PBXFileReference section */
		821A57EE2AEE305E00298FED /* Learning-Network-Call.app */ = {isa = PBXFileReference; explicitFileType = wrapper.application; includeInIndex = 0; path = "Learning-Network-Call.app"; sourceTree = BUILT_PRODUCTS_DIR; };
		821A57F12AEE305E00298FED /* Learning_Network_CallApp.swift */ = {isa = PBXFileReference; lastKnownFileType = sourcecode.swift; path = Learning_Network_CallApp.swift; sourceTree = "<group>"; };
		821A57F32AEE305E00298FED /* ContentView.swift */ = {isa = PBXFileReference; lastKnownFileType = sourcecode.swift; path = ContentView.swift; sourceTree = "<group>"; };
		821A57F52AEE306000298FED /* Assets.xcassets */ = {isa = PBXFileReference; lastKnownFileType = folder.assetcatalog; path = Assets.xcassets; sourceTree = "<group>"; };
		821A57F82AEE306000298FED /* Preview Assets.xcassets */ = {isa = PBXFileReference; lastKnownFileType = folder.assetcatalog; path = "Preview Assets.xcassets"; sourceTree = "<group>"; };
		821A58002AEE315300298FED /* GitHubUser.swift */ = {isa = PBXFileReference; lastKnownFileType = sourcecode.swift; path = GitHubUser.swift; sourceTree = "<group>"; };
		821A58022AEE331C00298FED /* NetworkManager.swift */ = {isa = PBXFileReference; lastKnownFileType = sourcecode.swift; path = NetworkManager.swift; sourceTree = "<group>"; };
		821A58052AEE362D00298FED /* GHError.swift */ = {isa = PBXFileReference; lastKnownFileType = sourcecode.swift; path = GHError.swift; sourceTree = "<group>"; };
		821A58082AEE38BE00298FED /* ViewModel.swift */ = {isa = PBXFileReference; lastKnownFileType = sourcecode.swift; path = ViewModel.swift; sourceTree = "<group>"; };
/* End PBXFileReference section */

/* Begin PBXFrameworksBuildPhase section */
		821A57EB2AEE305E00298FED /* Frameworks */ = {
			isa = PBXFrameworksBuildPhase;
			buildActionMask = 2147483647;
			files = (
			);
			runOnlyForDeploymentPostprocessing = 0;
		};
/* End PBXFrameworksBuildPhase section */

/* Begin PBXGroup section */
		8200176C2AEE482900165FCB /* Manager */ = {
			isa = PBXGroup;
			children = (
				821A58022AEE331C00298FED /* NetworkManager.swift */,
			);
			path = Manager;
			sourceTree = "<group>";
		};
		821A57E52AEE305E00298FED = {
			isa = PBXGroup;
			children = (
				821A57F02AEE305E00298FED /* Learning-Network-Call */,
				821A57EF2AEE305E00298FED /* Products */,
			);
			sourceTree = "<group>";
		};
		821A57EF2AEE305E00298FED /* Products */ = {
			isa = PBXGroup;
			children = (
				821A57EE2AEE305E00298FED /* Learning-Network-Call.app */,
			);
			name = Products;
			sourceTree = "<group>";
		};
		821A57F02AEE305E00298FED /* Learning-Network-Call */ = {
			isa = PBXGroup;
			children = (
				821A57FF2AEE313F00298FED /* Models */,
				821A58072AEE387F00298FED /* ViewModels */,
				821A58042AEE333A00298FED /* Views */,
				821A57F12AEE305E00298FED /* Learning_Network_CallApp.swift */,
				821A57F52AEE306000298FED /* Assets.xcassets */,
				821A57F72AEE306000298FED /* Preview Content */,
			);
			path = "Learning-Network-Call";
			sourceTree = "<group>";
		};
		821A57F72AEE306000298FED /* Preview Content */ = {
			isa = PBXGroup;
			children = (
				821A57F82AEE306000298FED /* Preview Assets.xcassets */,
			);
			path = "Preview Content";
			sourceTree = "<group>";
		};
		821A57FF2AEE313F00298FED /* Models */ = {
			isa = PBXGroup;
			children = (
				821A58052AEE362D00298FED /* GHError.swift */,
				821A58002AEE315300298FED /* GitHubUser.swift */,
			);
			path = Models;
			sourceTree = "<group>";
		};
		821A58042AEE333A00298FED /* Views */ = {
			isa = PBXGroup;
			children = (
				821A57F32AEE305E00298FED /* ContentView.swift */,
			);
			path = Views;
			sourceTree = "<group>";
		};
		821A58072AEE387F00298FED /* ViewModels */ = {
			isa = PBXGroup;
			children = (
				8200176C2AEE482900165FCB /* Manager */,
				821A58082AEE38BE00298FED /* ViewModel.swift */,
			);
			path = ViewModels;
			sourceTree = "<group>";
		};
/* End PBXGroup section */

/* Begin PBXNativeTarget section */
		821A57ED2AEE305E00298FED /* Learning-Network-Call */ = {
			isa = PBXNativeTarget;
			buildConfigurationList = 821A57FC2AEE306000298FED /* Build configuration list for PBXNativeTarget "Learning-Network-Call" */;
			buildPhases = (
				821A57EA2AEE305E00298FED /* Sources */,
				821A57EB2AEE305E00298FED /* Frameworks */,
				821A57EC2AEE305E00298FED /* Resources */,
			);
			buildRules = (
			);
			dependencies = (
			);
			name = "Learning-Network-Call";
			productName = "Learning-Network-Call";
			productReference = 821A57EE2AEE305E00298FED /* Learning-Network-Call.app */;
			productType = "com.apple.product-type.application";
		};
/* End PBXNativeTarget section */

/* Begin PBXProject section */
		821A57E62AEE305E00298FED /* Project object */ = {
			isa = PBXProject;
			attributes = {
				BuildIndependentTargetsInParallel = 1;
				LastSwiftUpdateCheck = 1430;
				LastUpgradeCheck = 1430;
				TargetAttributes = {
					821A57ED2AEE305E00298FED = {
						CreatedOnToolsVersion = 14.3.1;
					};
				};
			};
			buildConfigurationList = 821A57E92AEE305E00298FED /* Build configuration list for PBXProject "Learning-Network-Call" */;
			compatibilityVersion = "Xcode 14.0";
			developmentRegion = en;
			hasScannedForEncodings = 0;
			knownRegions = (
				en,
				Base,
			);
			mainGroup = 821A57E52AEE305E00298FED;
			productRefGroup = 821A57EF2AEE305E00298FED /* Products */;
			projectDirPath = "";
			projectRoot = "";
			targets = (
				821A57ED2AEE305E00298FED /* Learning-Network-Call */,
			);
		};
/* End PBXProject section */

/* Begin PBXResourcesBuildPhase section */
		821A57EC2AEE305E00298FED /* Resources */ = {
			isa = PBXResourcesBuildPhase;
			buildActionMask = 2147483647;
			files = (
				821A57F92AEE306000298FED /* Preview Assets.xcassets in Resources */,
				821A57F62AEE306000298FED /* Assets.xcassets in Resources */,
			);
			runOnlyForDeploymentPostprocessing = 0;
		};
/* End PBXResourcesBuildPhase section */

/* Begin PBXSourcesBuildPhase section */
		821A57EA2AEE305E00298FED /* Sources */ = {
			isa = PBXSourcesBuildPhase;
			buildActionMask = 2147483647;
			files = (
				821A58032AEE331C00298FED /* NetworkManager.swift in Sources */,
				821A58062AEE362D00298FED /* GHError.swift in Sources */,
				821A58012AEE315300298FED /* GitHubUser.swift in Sources */,
				821A57F42AEE305E00298FED /* ContentView.swift in Sources */,
				821A58092AEE38BE00298FED /* ViewModel.swift in Sources */,
				821A57F22AEE305E00298FED /* Learning_Network_CallApp.swift in Sources */,
			);
			runOnlyForDeploymentPostprocessing = 0;
		};
/* End PBXSourcesBuildPhase section */

/* Begin XCBuildConfiguration section */
		821A57FA2AEE306000298FED /* Debug */ = {
			isa = XCBuildConfiguration;
			buildSettings = {
				ALWAYS_SEARCH_USER_PATHS = NO;
				CLANG_ANALYZER_NONNULL = YES;
				CLANG_ANALYZER_NUMBER_OBJECT_CONVERSION = YES_AGGRESSIVE;
				CLANG_CXX_LANGUAGE_STANDARD = "gnu++20";
				CLANG_ENABLE_MODULES = YES;
				CLANG_ENABLE_OBJC_ARC = YES;
				CLANG_ENABLE_OBJC_WEAK = YES;
				CLANG_WARN_BLOCK_CAPTURE_AUTORELEASING = YES;
				CLANG_WARN_BOOL_CONVERSION = YES;
				CLANG_WARN_COMMA = YES;
				CLANG_WARN_CONSTANT_CONVERSION = YES;
				CLANG_WARN_DEPRECATED_OBJC_IMPLEMENTATIONS = YES;
				CLANG_WARN_DIRECT_OBJC_ISA_USAGE = YES_ERROR;
				CLANG_WARN_DOCUMENTATION_COMMENTS = YES;
				CLANG_WARN_EMPTY_BODY = YES;
				CLANG_WARN_ENUM_CONVERSION = YES;
				CLANG_WARN_INFINITE_RECURSION = YES;
				CLANG_WARN_INT_CONVERSION = YES;
				CLANG_WARN_NON_LITERAL_NULL_CONVERSION = YES;
				CLANG_WARN_OBJC_IMPLICIT_RETAIN_SELF = YES;
				CLANG_WARN_OBJC_LITERAL_CONVERSION = YES;
				CLANG_WARN_OBJC_ROOT_CLASS = YES_ERROR;
				CLANG_WARN_QUOTED_INCLUDE_IN_FRAMEWORK_HEADER = YES;
				CLANG_WARN_RANGE_LOOP_ANALYSIS = YES;
				CLANG_WARN_STRICT_PROTOTYPES = YES;
				CLANG_WARN_SUSPICIOUS_MOVE = YES;
				CLANG_WARN_UNGUARDED_AVAILABILITY = YES_AGGRESSIVE;
				CLANG_WARN_UNREACHABLE_CODE = YES;
				CLANG_WARN__DUPLICATE_METHOD_MATCH = YES;
				COPY_PHASE_STRIP = NO;
				DEBUG_INFORMATION_FORMAT = dwarf;
				ENABLE_STRICT_OBJC_MSGSEND = YES;
				ENABLE_TESTABILITY = YES;
				GCC_C_LANGUAGE_STANDARD = gnu11;
				GCC_DYNAMIC_NO_PIC = NO;
				GCC_NO_COMMON_BLOCKS = YES;
				GCC_OPTIMIZATION_LEVEL = 0;
				GCC_PREPROCESSOR_DEFINITIONS = (
					"DEBUG=1",
					"$(inherited)",
				);
				GCC_WARN_64_TO_32_BIT_CONVERSION = YES;
				GCC_WARN_ABOUT_RETURN_TYPE = YES_ERROR;
				GCC_WARN_UNDECLARED_SELECTOR = YES;
				GCC_WARN_UNINITIALIZED_AUTOS = YES_AGGRESSIVE;
				GCC_WARN_UNUSED_FUNCTION = YES;
				GCC_WARN_UNUSED_VARIABLE = YES;
				IPHONEOS_DEPLOYMENT_TARGET = 16.4;
				MTL_ENABLE_DEBUG_INFO = INCLUDE_SOURCE;
				MTL_FAST_MATH = YES;
				ONLY_ACTIVE_ARCH = YES;
				SDKROOT = iphoneos;
				SWIFT_ACTIVE_COMPILATION_CONDITIONS = DEBUG;
				SWIFT_OPTIMIZATION_LEVEL = "-Onone";
			};
			name = Debug;
		};
		821A57FB2AEE306000298FED /* Release */ = {
			isa = XCBuildConfiguration;
			buildSettings = {
				ALWAYS_SEARCH_USER_PATHS = NO;
				CLANG_ANALYZER_NONNULL = YES;
				CLANG_ANALYZER_NUMBER_OBJECT_CONVERSION = YES_AGGRESSIVE;
				CLANG_CXX_LANGUAGE_STANDARD = "gnu++20";
				CLANG_ENABLE_MODULES = YES;
				CLANG_ENABLE_OBJC_ARC = YES;
				CLANG_ENABLE_OBJC_WEAK = YES;
				CLANG_WARN_BLOCK_CAPTURE_AUTORELEASING = YES;
				CLANG_WARN_BOOL_CONVERSION = YES;
				CLANG_WARN_COMMA = YES;
				CLANG_WARN_CONSTANT_CONVERSION = YES;
				CLANG_WARN_DEPRECATED_OBJC_IMPLEMENTATIONS = YES;
				CLANG_WARN_DIRECT_OBJC_ISA_USAGE = YES_ERROR;
				CLANG_WARN_DOCUMENTATION_COMMENTS = YES;
				CLANG_WARN_EMPTY_BODY = YES;
				CLANG_WARN_ENUM_CONVERSION = YES;
				CLANG_WARN_INFINITE_RECURSION = YES;
				CLANG_WARN_INT_CONVERSION = YES;
				CLANG_WARN_NON_LITERAL_NULL_CONVERSION = YES;
				CLANG_WARN_OBJC_IMPLICIT_RETAIN_SELF = YES;
				CLANG_WARN_OBJC_LITERAL_CONVERSION = YES;
				CLANG_WARN_OBJC_ROOT_CLASS = YES_ERROR;
				CLANG_WARN_QUOTED_INCLUDE_IN_FRAMEWORK_HEADER = YES;
				CLANG_WARN_RANGE_LOOP_ANALYSIS = YES;
				CLANG_WARN_STRICT_PROTOTYPES = YES;
				CLANG_WARN_SUSPICIOUS_MOVE = YES;
				CLANG_WARN_UNGUARDED_AVAILABILITY = YES_AGGRESSIVE;
				CLANG_WARN_UNREACHABLE_CODE = YES;
				CLANG_WARN__DUPLICATE_METHOD_MATCH = YES;
				COPY_PHASE_STRIP = NO;
				DEBUG_INFORMATION_FORMAT = "dwarf-with-dsym";
				ENABLE_NS_ASSERTIONS = NO;
				ENABLE_STRICT_OBJC_MSGSEND = YES;
				GCC_C_LANGUAGE_STANDARD = gnu11;
				GCC_NO_COMMON_BLOCKS = YES;
				GCC_WARN_64_TO_32_BIT_CONVERSION = YES;
				GCC_WARN_ABOUT_RETURN_TYPE = YES_ERROR;
				GCC_WARN_UNDECLARED_SELECTOR = YES;
				GCC_WARN_UNINITIALIZED_AUTOS = YES_AGGRESSIVE;
				GCC_WARN_UNUSED_FUNCTION = YES;
				GCC_WARN_UNUSED_VARIABLE = YES;
				IPHONEOS_DEPLOYMENT_TARGET = 16.4;
				MTL_ENABLE_DEBUG_INFO = NO;
				MTL_FAST_MATH = YES;
				SDKROOT = iphoneos;
				SWIFT_COMPILATION_MODE = wholemodule;
				SWIFT_OPTIMIZATION_LEVEL = "-O";
				VALIDATE_PRODUCT = YES;
			};
			name = Release;
		};
		821A57FD2AEE306000298FED /* Debug */ = {
			isa = XCBuildConfiguration;
			buildSettings = {
				ASSETCATALOG_COMPILER_APPICON_NAME = AppIcon;
				ASSETCATALOG_COMPILER_GLOBAL_ACCENT_COLOR_NAME = AccentColor;
				CODE_SIGN_STYLE = Automatic;
				CURRENT_PROJECT_VERSION = 1;
				DEVELOPMENT_ASSET_PATHS = "\"Learning-Network-Call/Preview Content\"";
				ENABLE_PREVIEWS = YES;
				GENERATE_INFOPLIST_FILE = YES;
				INFOPLIST_KEY_UIApplicationSceneManifest_Generation = YES;
				INFOPLIST_KEY_UIApplicationSupportsIndirectInputEvents = YES;
				INFOPLIST_KEY_UILaunchScreen_Generation = YES;
				INFOPLIST_KEY_UISupportedInterfaceOrientations_iPad = "UIInterfaceOrientationPortrait UIInterfaceOrientationPortraitUpsideDown UIInterfaceOrientationLandscapeLeft UIInterfaceOrientationLandscapeRight";
				INFOPLIST_KEY_UISupportedInterfaceOrientations_iPhone = "UIInterfaceOrientationPortrait UIInterfaceOrientationLandscapeLeft UIInterfaceOrientationLandscapeRight";
				LD_RUNPATH_SEARCH_PATHS = (
					"$(inherited)",
					"@executable_path/Frameworks",
				);
				MARKETING_VERSION = 1.0;
				PRODUCT_BUNDLE_IDENTIFIER = "Purplle.Learning-Network-Call";
				PRODUCT_NAME = "$(TARGET_NAME)";
				SWIFT_EMIT_LOC_STRINGS = YES;
				SWIFT_VERSION = 5.0;
				TARGETED_DEVICE_FAMILY = "1,2";
			};
			name = Debug;
		};
		821A57FE2AEE306000298FED /* Release */ = {
			isa = XCBuildConfiguration;
			buildSettings = {
				ASSETCATALOG_COMPILER_APPICON_NAME = AppIcon;
				ASSETCATALOG_COMPILER_GLOBAL_ACCENT_COLOR_NAME = AccentColor;
				CODE_SIGN_STYLE = Automatic;
				CURRENT_PROJECT_VERSION = 1;
				DEVELOPMENT_ASSET_PATHS = "\"Learning-Network-Call/Preview Content\"";
				ENABLE_PREVIEWS = YES;
				GENERATE_INFOPLIST_FILE = YES;
				INFOPLIST_KEY_UIApplicationSceneManifest_Generation = YES;
				INFOPLIST_KEY_UIApplicationSupportsIndirectInputEvents = YES;
				INFOPLIST_KEY_UILaunchScreen_Generation = YES;
				INFOPLIST_KEY_UISupportedInterfaceOrientations_iPad = "UIInterfaceOrientationPortrait UIInterfaceOrientationPortraitUpsideDown UIInterfaceOrientationLandscapeLeft UIInterfaceOrientationLandscapeRight";
				INFOPLIST_KEY_UISupportedInterfaceOrientations_iPhone = "UIInterfaceOrientationPortrait UIInterfaceOrientationLandscapeLeft UIInterfaceOrientationLandscapeRight";
				LD_RUNPATH_SEARCH_PATHS = (
					"$(inherited)",
					"@executable_path/Frameworks",
				);
				MARKETING_VERSION = 1.0;
				PRODUCT_BUNDLE_IDENTIFIER = "Purplle.Learning-Network-Call";
				PRODUCT_NAME = "$(TARGET_NAME)";
				SWIFT_EMIT_LOC_STRINGS = YES;
				SWIFT_VERSION = 5.0;
				TARGETED_DEVICE_FAMILY = "1,2";
			};
			name = Release;
		};
/* End XCBuildConfiguration section */

/* Begin XCConfigurationList section */
		821A57E92AEE305E00298FED /* Build configuration list for PBXProject "Learning-Network-Call" */ = {
			isa = XCConfigurationList;
			buildConfigurations = (
				821A57FA2AEE306000298FED /* Debug */,
				821A57FB2AEE306000298FED /* Release */,
			);
			defaultConfigurationIsVisible = 0;
			defaultConfigurationName = Release;
		};
		821A57FC2AEE306000298FED /* Build configuration list for PBXNativeTarget "Learning-Network-Call" */ = {
			isa = XCConfigurationList;
			buildConfigurations = (
				821A57FD2AEE306000298FED /* Debug */,
				821A57FE2AEE306000298FED /* Release */,
			);
			defaultConfigurationIsVisible = 0;
			defaultConfigurationName = Release;
		};
/* End XCConfigurationList section */
	};
	rootObject = 821A57E62AEE305E00298FED /* Project object */;
}
